
Microsoft Visual Studio Solution File, Format Version 12.00
# Visual Studio Version 17
VisualStudioVersion = 17.6.33801.468
MinimumVisualStudioVersion = 10.0.40219.1
Project("{FAE04EC0-301F-11D3-BF4B-00C04F79EFBC}") = "StarWars Api", "StarWars Api\StarWars Api.csproj", "{EAA43CE0-32B4-4BC3-B47F-47F18588CFDA}"
EndProject
Global
	GlobalSection(SolutionConfigurationPlatforms) = preSolution
		Debug|Any CPU = Debug|Any CPU
		Release|Any CPU = Release|Any CPU
	EndGlobalSection
	GlobalSection(ProjectConfigurationPlatforms) = postSolution
		{EAA43CE0-32B4-4BC3-B47F-47F18588CFDA}.Debug|Any CPU.ActiveCfg = Debug|Any CPU
		{EAA43CE0-32B4-4BC3-B47F-47F18588CFDA}.Debug|Any CPU.Build.0 = Debug|Any CPU
		{EAA43CE0-32B4-4BC3-B47F-47F18588CFDA}.Release|Any CPU.ActiveCfg = Release|Any CPU
		{EAA43CE0-32B4-4BC3-B47F-47F18588CFDA}.Release|Any CPU.Build.0 = Release|Any CPU
	EndGlobalSection
	GlobalSection(SolutionProperties) = preSolution
		HideSolutionNode = FALSE
	EndGlobalSection
	GlobalSection(ExtensibilityGlobals) = postSolution
		SolutionGuid = {F482DE6E-60DF-42C7-AC8F-8998D55B9506}
	EndGlobalSection
EndGlobal
